
Microsoft Visual Studio Solution File, Format Version 12.00
# Visual Studio 2012
Project("{FAE04EC0-301F-11D3-BF4B-00C04F79EFBC}") = "SaG.Core", "SaG.Core\SaG.Core.csproj", "{97A870FE-A821-4897-9B47-510E419A4478}"
EndProject
Project("{FAE04EC0-301F-11D3-BF4B-00C04F79EFBC}") = "SaG.Core.Tests", "SaG.Core.Tests\SaG.Core.Tests.csproj", "{FF29F042-EE6F-4A5F-9ABE-19A47A89CB81}"
EndProject
Project("{2150E333-8FDC-42A3-9474-1A3956D46DE8}") = ".nuget", ".nuget", "{CBB2EA59-2733-4B81-9A7A-784CD7B952B3}"
	ProjectSection(SolutionItems) = preProject
		.nuget\NuGet.Config = .nuget\NuGet.Config
		.nuget\NuGet.exe = .nuget\NuGet.exe
		.nuget\NuGet.targets = .nuget\NuGet.targets
	EndProjectSection
EndProject
Project("{2150E333-8FDC-42A3-9474-1A3956D46DE8}") = "001.Core", "001.Core", "{43F33890-C9A0-4C32-B0E6-E236C6A104B7}"
EndProject
Project("{2150E333-8FDC-42A3-9474-1A3956D46DE8}") = "002.Business", "002.Business", "{41740841-F7AE-4AA7-8689-A79B199BAD5D}"
EndProject
Project("{2150E333-8FDC-42A3-9474-1A3956D46DE8}") = "003.Data", "003.Data", "{58F1419D-C0EE-4C87-A1E2-4A030835EE8A}"
EndProject
Project("{2150E333-8FDC-42A3-9474-1A3956D46DE8}") = "004.Services", "004.Services", "{B9127A54-7273-482B-A84C-6145A161273E}"
EndProject
Project("{2150E333-8FDC-42A3-9474-1A3956D46DE8}") = "005.API", "005.API", "{D7415A78-2B14-4B25-B247-204A90905EE8}"
EndProject
Project("{FAE04EC0-301F-11D3-BF4B-00C04F79EFBC}") = "SaG.Business", "SaG.Business\SaG.Business.csproj", "{7DD88CD0-AFE4-43F8-8293-FCBCC0D68E24}"
EndProject
Project("{FAE04EC0-301F-11D3-BF4B-00C04F79EFBC}") = "SaG.Business.Tests", "SaG.Business.Tests\SaG.Business.Tests.csproj", "{C9FC0E9A-EF6C-468D-81D7-5B52D5062622}"
EndProject
Project("{FAE04EC0-301F-11D3-BF4B-00C04F79EFBC}") = "SaG.Data", "SaG.Data\SaG.Data.csproj", "{46967301-3A17-418C-8FD4-7AFAD4EFF972}"
EndProject
Project("{FAE04EC0-301F-11D3-BF4B-00C04F79EFBC}") = "SaG.Data.Tests", "SaG.Data.Tests\SaG.Data.Tests.csproj", "{17CCEB98-52D0-4373-AC5B-77A8AFA4438C}"
EndProject
Project("{FAE04EC0-301F-11D3-BF4B-00C04F79EFBC}") = "SaG.Data.NHibernate", "SaG.Data.NHibernate\SaG.Data.NHibernate.csproj", "{C4E0ABC3-D666-471E-B0C2-F63F8184E336}"
EndProject
Project("{FAE04EC0-301F-11D3-BF4B-00C04F79EFBC}") = "SaG.Data.NHibernate.Tests", "SaG.Data.NHibernate.Tests\SaG.Data.NHibernate.Tests.csproj", "{895F8A1D-146F-482E-BDAC-870C8458F0CC}"
EndProject
Project("{FAE04EC0-301F-11D3-BF4B-00C04F79EFBC}") = "SaG.Services", "SaG.Services\SaG.Services.csproj", "{BCF6F526-9A0C-419F-AECE-375F8F62DFFB}"
EndProject
Project("{FAE04EC0-301F-11D3-BF4B-00C04F79EFBC}") = "SaG.Services.Tests", "SaG.Services.Tests\SaG.Services.Tests.csproj", "{CA1B949D-BAE6-46F0-8C6B-E364D2D6A85C}"
EndProject
Project("{FAE04EC0-301F-11D3-BF4B-00C04F79EFBC}") = "SaG.API", "SaG.API\SaG.API.csproj", "{005CCE29-6582-442D-BF9A-5A0A2913BF8B}"
EndProject
Project("{FAE04EC0-301F-11D3-BF4B-00C04F79EFBC}") = "SaG.API.Tests", "SaG.API.Tests\SaG.API.Tests.csproj", "{FA1251C9-0387-4496-B20D-C403796E9239}"
EndProject
Project("{FAE04EC0-301F-11D3-BF4B-00C04F79EFBC}") = "SaG.Core.StructureMap", "SaG.Core.StructureMap\SaG.Core.StructureMap.csproj", "{90E6B6EA-5C42-4DB3-8A86-3E1C52F4EFC5}"
EndProject
Project("{FAE04EC0-301F-11D3-BF4B-00C04F79EFBC}") = "SaG.Core.StructureMap.Tests", "SaG.Core.StructureMap.Tests\SaG.Core.StructureMap.Tests.csproj", "{C7F18A40-9B77-4133-B5D2-3E9CE9D392A0}"
EndProject
Project("{2150E333-8FDC-42A3-9474-1A3956D46DE8}") = "StructureMap", "StructureMap", "{1269D120-6C7A-4F94-827A-023DBAD584DF}"
EndProject
Project("{2150E333-8FDC-42A3-9474-1A3956D46DE8}") = "Log4Net", "Log4Net", "{7C3BBC13-E0D8-4582-8E90-FA5D3222B231}"
EndProject
Project("{FAE04EC0-301F-11D3-BF4B-00C04F79EFBC}") = "SaG.Core.Log4Net", "SaG.Core.Log4Net\SaG.Core.Log4Net.csproj", "{11BF7F2D-17E1-4627-B825-BEC9A6C07231}"
EndProject
Project("{FAE04EC0-301F-11D3-BF4B-00C04F79EFBC}") = "SaG.Core.Log4Net.Tests", "SaG.Core.Log4Net.Tests\SaG.Core.Log4Net.Tests.csproj", "{76DE1EB1-63C7-4C9C-B010-5E098AB8F45B}"
EndProject
Project("{2150E333-8FDC-42A3-9474-1A3956D46DE8}") = "NHibernate", "NHibernate", "{5B222C2D-3D88-4709-BFA8-EEEC1F909CCD}"
EndProject
Project("{2150E333-8FDC-42A3-9474-1A3956D46DE8}") = "Migrations", "Migrations", "{42CBEA5C-64FC-4DC8-9D85-9AB5F7339515}"
EndProject
Project("{FAE04EC0-301F-11D3-BF4B-00C04F79EFBC}") = "SaG.Data.Migrations", "SaG.Data.Migrations\SaG.Data.Migrations.csproj", "{4A500D12-52FF-485E-A692-117E7A6D90CA}"
EndProject
Project("{FAE04EC0-301F-11D3-BF4B-00C04F79EFBC}") = "SaG.Data.Migrations.Tests", "SaG.Data.Migrations.Tests\SaG.Data.Migrations.Tests.csproj", "{9D77411E-B6A6-4896-886C-0CB1BC5FD5BC}"
EndProject
Project("{2150E333-8FDC-42A3-9474-1A3956D46DE8}") = "Encrypt", "Encrypt", "{E1FF3FD7-9E7B-46E3-B322-47ED78D01670}"
EndProject
Project("{FAE04EC0-301F-11D3-BF4B-00C04F79EFBC}") = "SaG.Encrypt", "SaG.Encrypt\SaG.Encrypt.csproj", "{99222218-AA53-4250-BFA9-96FEE133B11D}"
EndProject
Project("{FAE04EC0-301F-11D3-BF4B-00C04F79EFBC}") = "SaG.Encrypt.Tests", "SaG.Encrypt.Tests\SaG.Encrypt.Tests.csproj", "{D2A11CFE-561C-4B36-90EE-F50A7758D17B}"
EndProject
Project("{2150E333-8FDC-42A3-9474-1A3956D46DE8}") = ".build", ".build", "{45067544-96EB-48DF-AC63-D2157D870C0B}"
	ProjectSection(SolutionItems) = preProject
		BuildDebug-2013.bat = BuildDebug-2013.bat
		BuildDebug.bat = BuildDebug.bat
		BuildPackage(x86)-2013.bat = BuildPackage(x86)-2013.bat
		BuildPackage(x86).bat = BuildPackage(x86).bat
		BuildPackage-2013.bat = BuildPackage-2013.bat
		BuildPackage.bat = BuildPackage.bat
		BuildRelease-2013.bat = BuildRelease-2013.bat
		BuildRelease.bat = BuildRelease.bat
		debug.build = debug.build
		GenerateCommonAssemblyInfo.bat = GenerateCommonAssemblyInfo.bat
		.build\MSBuild.Community.Tasks.dll = .build\MSBuild.Community.Tasks.dll
		.build\MSBuild.Community.Tasks.targets = .build\MSBuild.Community.Tasks.targets
		package.build = package.build
		release.build = release.build
		RunTests-2013.bat = RunTests-2013.bat
		RunTests.bat = RunTests.bat
		tests.build = tests.build
		version.build = version.build
	EndProjectSection
EndProject
Project("{2150E333-8FDC-42A3-9474-1A3956D46DE8}") = ".guides", ".guides", "{C5C9B821-A653-4F8A-B359-36E9A0755FB4}"
	ProjectSection(SolutionItems) = preProject
		DevGuide\Architecture.md = DevGuide\Architecture.md
		DevGuide\Building.md = DevGuide\Building.md
		DevGuide\CodingGuidelines.md = DevGuide\CodingGuidelines.md
		DevGuide\DependencyConfiguration.md = DevGuide\DependencyConfiguration.md
		DevGuide\InitializationFeature.md = DevGuide\InitializationFeature.md
		DevGuide\MigrationScripts.md = DevGuide\MigrationScripts.md
		README.md = README.md
		DevGuide\README.md = DevGuide\README.md
		DevGuide\RunningTheProject.md = DevGuide\RunningTheProject.md
		DevGuide\Versioning.md = DevGuide\Versioning.md
	EndProjectSection
EndProject
Global
	GlobalSection(SolutionConfigurationPlatforms) = preSolution
		Debug|Any CPU = Debug|Any CPU
		Debug|x64 = Debug|x64
		Debug|x86 = Debug|x86
		Release|Any CPU = Release|Any CPU
		Release|x64 = Release|x64
		Release|x86 = Release|x86
	EndGlobalSection
	GlobalSection(ProjectConfigurationPlatforms) = postSolution
		{97A870FE-A821-4897-9B47-510E419A4478}.Debug|Any CPU.ActiveCfg = Debug|Any CPU
		{97A870FE-A821-4897-9B47-510E419A4478}.Debug|Any CPU.Build.0 = Debug|Any CPU
		{97A870FE-A821-4897-9B47-510E419A4478}.Debug|x64.ActiveCfg = Debug|x64
		{97A870FE-A821-4897-9B47-510E419A4478}.Debug|x64.Build.0 = Debug|x64
		{97A870FE-A821-4897-9B47-510E419A4478}.Debug|x86.ActiveCfg = Debug|x86
		{97A870FE-A821-4897-9B47-510E419A4478}.Debug|x86.Build.0 = Debug|x86
		{97A870FE-A821-4897-9B47-510E419A4478}.Release|Any CPU.ActiveCfg = Release|Any CPU
		{97A870FE-A821-4897-9B47-510E419A4478}.Release|Any CPU.Build.0 = Release|Any CPU
		{97A870FE-A821-4897-9B47-510E419A4478}.Release|x64.ActiveCfg = Release|x64
		{97A870FE-A821-4897-9B47-510E419A4478}.Release|x64.Build.0 = Release|x64
		{97A870FE-A821-4897-9B47-510E419A4478}.Release|x86.ActiveCfg = Release|x86
		{97A870FE-A821-4897-9B47-510E419A4478}.Release|x86.Build.0 = Release|x86
		{FF29F042-EE6F-4A5F-9ABE-19A47A89CB81}.Debug|Any CPU.ActiveCfg = Debug|Any CPU
		{FF29F042-EE6F-4A5F-9ABE-19A47A89CB81}.Debug|Any CPU.Build.0 = Debug|Any CPU
		{FF29F042-EE6F-4A5F-9ABE-19A47A89CB81}.Debug|x64.ActiveCfg = Debug|x64
		{FF29F042-EE6F-4A5F-9ABE-19A47A89CB81}.Debug|x64.Build.0 = Debug|x64
		{FF29F042-EE6F-4A5F-9ABE-19A47A89CB81}.Debug|x86.ActiveCfg = Debug|x86
		{FF29F042-EE6F-4A5F-9ABE-19A47A89CB81}.Debug|x86.Build.0 = Debug|x86
		{FF29F042-EE6F-4A5F-9ABE-19A47A89CB81}.Release|Any CPU.ActiveCfg = Release|Any CPU
		{FF29F042-EE6F-4A5F-9ABE-19A47A89CB81}.Release|Any CPU.Build.0 = Release|Any CPU
		{FF29F042-EE6F-4A5F-9ABE-19A47A89CB81}.Release|x64.ActiveCfg = Release|x64
		{FF29F042-EE6F-4A5F-9ABE-19A47A89CB81}.Release|x64.Build.0 = Release|x64
		{FF29F042-EE6F-4A5F-9ABE-19A47A89CB81}.Release|x86.ActiveCfg = Release|x86
		{FF29F042-EE6F-4A5F-9ABE-19A47A89CB81}.Release|x86.Build.0 = Release|x86
		{7DD88CD0-AFE4-43F8-8293-FCBCC0D68E24}.Debug|Any CPU.ActiveCfg = Debug|Any CPU
		{7DD88CD0-AFE4-43F8-8293-FCBCC0D68E24}.Debug|Any CPU.Build.0 = Debug|Any CPU
		{7DD88CD0-AFE4-43F8-8293-FCBCC0D68E24}.Debug|x64.ActiveCfg = Debug|x64
		{7DD88CD0-AFE4-43F8-8293-FCBCC0D68E24}.Debug|x64.Build.0 = Debug|x64
		{7DD88CD0-AFE4-43F8-8293-FCBCC0D68E24}.Debug|x86.ActiveCfg = Debug|x86
		{7DD88CD0-AFE4-43F8-8293-FCBCC0D68E24}.Debug|x86.Build.0 = Debug|x86
		{7DD88CD0-AFE4-43F8-8293-FCBCC0D68E24}.Release|Any CPU.ActiveCfg = Release|Any CPU
		{7DD88CD0-AFE4-43F8-8293-FCBCC0D68E24}.Release|Any CPU.Build.0 = Release|Any CPU
		{7DD88CD0-AFE4-43F8-8293-FCBCC0D68E24}.Release|x64.ActiveCfg = Release|x64
		{7DD88CD0-AFE4-43F8-8293-FCBCC0D68E24}.Release|x64.Build.0 = Release|x64
		{7DD88CD0-AFE4-43F8-8293-FCBCC0D68E24}.Release|x86.ActiveCfg = Release|x86
		{7DD88CD0-AFE4-43F8-8293-FCBCC0D68E24}.Release|x86.Build.0 = Release|x86
		{C9FC0E9A-EF6C-468D-81D7-5B52D5062622}.Debug|Any CPU.ActiveCfg = Debug|Any CPU
		{C9FC0E9A-EF6C-468D-81D7-5B52D5062622}.Debug|Any CPU.Build.0 = Debug|Any CPU
		{C9FC0E9A-EF6C-468D-81D7-5B52D5062622}.Debug|x64.ActiveCfg = Debug|x64
		{C9FC0E9A-EF6C-468D-81D7-5B52D5062622}.Debug|x64.Build.0 = Debug|x64
		{C9FC0E9A-EF6C-468D-81D7-5B52D5062622}.Debug|x86.ActiveCfg = Debug|x86
		{C9FC0E9A-EF6C-468D-81D7-5B52D5062622}.Debug|x86.Build.0 = Debug|x86
		{C9FC0E9A-EF6C-468D-81D7-5B52D5062622}.Release|Any CPU.ActiveCfg = Release|Any CPU
		{C9FC0E9A-EF6C-468D-81D7-5B52D5062622}.Release|Any CPU.Build.0 = Release|Any CPU
		{C9FC0E9A-EF6C-468D-81D7-5B52D5062622}.Release|x64.ActiveCfg = Release|x64
		{C9FC0E9A-EF6C-468D-81D7-5B52D5062622}.Release|x64.Build.0 = Release|x64
		{C9FC0E9A-EF6C-468D-81D7-5B52D5062622}.Release|x86.ActiveCfg = Release|x86
		{C9FC0E9A-EF6C-468D-81D7-5B52D5062622}.Release|x86.Build.0 = Release|x86
		{46967301-3A17-418C-8FD4-7AFAD4EFF972}.Debug|Any CPU.ActiveCfg = Debug|Any CPU
		{46967301-3A17-418C-8FD4-7AFAD4EFF972}.Debug|Any CPU.Build.0 = Debug|Any CPU
		{46967301-3A17-418C-8FD4-7AFAD4EFF972}.Debug|x64.ActiveCfg = Debug|x64
		{46967301-3A17-418C-8FD4-7AFAD4EFF972}.Debug|x64.Build.0 = Debug|x64
		{46967301-3A17-418C-8FD4-7AFAD4EFF972}.Debug|x86.ActiveCfg = Debug|x86
		{46967301-3A17-418C-8FD4-7AFAD4EFF972}.Debug|x86.Build.0 = Debug|x86
		{46967301-3A17-418C-8FD4-7AFAD4EFF972}.Release|Any CPU.ActiveCfg = Release|Any CPU
		{46967301-3A17-418C-8FD4-7AFAD4EFF972}.Release|Any CPU.Build.0 = Release|Any CPU
		{46967301-3A17-418C-8FD4-7AFAD4EFF972}.Release|x64.ActiveCfg = Release|x64
		{46967301-3A17-418C-8FD4-7AFAD4EFF972}.Release|x64.Build.0 = Release|x64
		{46967301-3A17-418C-8FD4-7AFAD4EFF972}.Release|x86.ActiveCfg = Release|x86
		{46967301-3A17-418C-8FD4-7AFAD4EFF972}.Release|x86.Build.0 = Release|x86
		{17CCEB98-52D0-4373-AC5B-77A8AFA4438C}.Debug|Any CPU.ActiveCfg = Debug|Any CPU
		{17CCEB98-52D0-4373-AC5B-77A8AFA4438C}.Debug|Any CPU.Build.0 = Debug|Any CPU
		{17CCEB98-52D0-4373-AC5B-77A8AFA4438C}.Debug|x64.ActiveCfg = Debug|x64
		{17CCEB98-52D0-4373-AC5B-77A8AFA4438C}.Debug|x64.Build.0 = Debug|x64
		{17CCEB98-52D0-4373-AC5B-77A8AFA4438C}.Debug|x86.ActiveCfg = Debug|x86
		{17CCEB98-52D0-4373-AC5B-77A8AFA4438C}.Debug|x86.Build.0 = Debug|x86
		{17CCEB98-52D0-4373-AC5B-77A8AFA4438C}.Release|Any CPU.ActiveCfg = Release|Any CPU
		{17CCEB98-52D0-4373-AC5B-77A8AFA4438C}.Release|Any CPU.Build.0 = Release|Any CPU
		{17CCEB98-52D0-4373-AC5B-77A8AFA4438C}.Release|x64.ActiveCfg = Release|x64
		{17CCEB98-52D0-4373-AC5B-77A8AFA4438C}.Release|x64.Build.0 = Release|x64
		{17CCEB98-52D0-4373-AC5B-77A8AFA4438C}.Release|x86.ActiveCfg = Release|x86
		{17CCEB98-52D0-4373-AC5B-77A8AFA4438C}.Release|x86.Build.0 = Release|x86
		{C4E0ABC3-D666-471E-B0C2-F63F8184E336}.Debug|Any CPU.ActiveCfg = Debug|Any CPU
		{C4E0ABC3-D666-471E-B0C2-F63F8184E336}.Debug|Any CPU.Build.0 = Debug|Any CPU
		{C4E0ABC3-D666-471E-B0C2-F63F8184E336}.Debug|x64.ActiveCfg = Debug|x64
		{C4E0ABC3-D666-471E-B0C2-F63F8184E336}.Debug|x64.Build.0 = Debug|x64
		{C4E0ABC3-D666-471E-B0C2-F63F8184E336}.Debug|x86.ActiveCfg = Debug|x86
		{C4E0ABC3-D666-471E-B0C2-F63F8184E336}.Debug|x86.Build.0 = Debug|x86
		{C4E0ABC3-D666-471E-B0C2-F63F8184E336}.Release|Any CPU.ActiveCfg = Release|Any CPU
		{C4E0ABC3-D666-471E-B0C2-F63F8184E336}.Release|Any CPU.Build.0 = Release|Any CPU
		{C4E0ABC3-D666-471E-B0C2-F63F8184E336}.Release|x64.ActiveCfg = Release|x64
		{C4E0ABC3-D666-471E-B0C2-F63F8184E336}.Release|x64.Build.0 = Release|x64
		{C4E0ABC3-D666-471E-B0C2-F63F8184E336}.Release|x86.ActiveCfg = Release|x86
		{C4E0ABC3-D666-471E-B0C2-F63F8184E336}.Release|x86.Build.0 = Release|x86
		{895F8A1D-146F-482E-BDAC-870C8458F0CC}.Debug|Any CPU.ActiveCfg = Debug|Any CPU
		{895F8A1D-146F-482E-BDAC-870C8458F0CC}.Debug|Any CPU.Build.0 = Debug|Any CPU
		{895F8A1D-146F-482E-BDAC-870C8458F0CC}.Debug|x64.ActiveCfg = Debug|x64
		{895F8A1D-146F-482E-BDAC-870C8458F0CC}.Debug|x64.Build.0 = Debug|x64
		{895F8A1D-146F-482E-BDAC-870C8458F0CC}.Debug|x86.ActiveCfg = Debug|x86
		{895F8A1D-146F-482E-BDAC-870C8458F0CC}.Debug|x86.Build.0 = Debug|x86
		{895F8A1D-146F-482E-BDAC-870C8458F0CC}.Release|Any CPU.ActiveCfg = Release|Any CPU
		{895F8A1D-146F-482E-BDAC-870C8458F0CC}.Release|Any CPU.Build.0 = Release|Any CPU
		{895F8A1D-146F-482E-BDAC-870C8458F0CC}.Release|x64.ActiveCfg = Release|x64
		{895F8A1D-146F-482E-BDAC-870C8458F0CC}.Release|x64.Build.0 = Release|x64
		{895F8A1D-146F-482E-BDAC-870C8458F0CC}.Release|x86.ActiveCfg = Release|x86
		{895F8A1D-146F-482E-BDAC-870C8458F0CC}.Release|x86.Build.0 = Release|x86
		{BCF6F526-9A0C-419F-AECE-375F8F62DFFB}.Debug|Any CPU.ActiveCfg = Debug|Any CPU
		{BCF6F526-9A0C-419F-AECE-375F8F62DFFB}.Debug|Any CPU.Build.0 = Debug|Any CPU
		{BCF6F526-9A0C-419F-AECE-375F8F62DFFB}.Debug|x64.ActiveCfg = Debug|x64
		{BCF6F526-9A0C-419F-AECE-375F8F62DFFB}.Debug|x64.Build.0 = Debug|x64
		{BCF6F526-9A0C-419F-AECE-375F8F62DFFB}.Debug|x86.ActiveCfg = Debug|x86
		{BCF6F526-9A0C-419F-AECE-375F8F62DFFB}.Debug|x86.Build.0 = Debug|x86
		{BCF6F526-9A0C-419F-AECE-375F8F62DFFB}.Release|Any CPU.ActiveCfg = Release|Any CPU
		{BCF6F526-9A0C-419F-AECE-375F8F62DFFB}.Release|Any CPU.Build.0 = Release|Any CPU
		{BCF6F526-9A0C-419F-AECE-375F8F62DFFB}.Release|x64.ActiveCfg = Release|x64
		{BCF6F526-9A0C-419F-AECE-375F8F62DFFB}.Release|x64.Build.0 = Release|x64
		{BCF6F526-9A0C-419F-AECE-375F8F62DFFB}.Release|x86.ActiveCfg = Release|x86
		{BCF6F526-9A0C-419F-AECE-375F8F62DFFB}.Release|x86.Build.0 = Release|x86
		{CA1B949D-BAE6-46F0-8C6B-E364D2D6A85C}.Debug|Any CPU.ActiveCfg = Debug|Any CPU
		{CA1B949D-BAE6-46F0-8C6B-E364D2D6A85C}.Debug|Any CPU.Build.0 = Debug|Any CPU
		{CA1B949D-BAE6-46F0-8C6B-E364D2D6A85C}.Debug|x64.ActiveCfg = Debug|x64
		{CA1B949D-BAE6-46F0-8C6B-E364D2D6A85C}.Debug|x64.Build.0 = Debug|x64
		{CA1B949D-BAE6-46F0-8C6B-E364D2D6A85C}.Debug|x86.ActiveCfg = Debug|x86
		{CA1B949D-BAE6-46F0-8C6B-E364D2D6A85C}.Debug|x86.Build.0 = Debug|x86
		{CA1B949D-BAE6-46F0-8C6B-E364D2D6A85C}.Release|Any CPU.ActiveCfg = Release|Any CPU
		{CA1B949D-BAE6-46F0-8C6B-E364D2D6A85C}.Release|Any CPU.Build.0 = Release|Any CPU
		{CA1B949D-BAE6-46F0-8C6B-E364D2D6A85C}.Release|x64.ActiveCfg = Release|x64
		{CA1B949D-BAE6-46F0-8C6B-E364D2D6A85C}.Release|x64.Build.0 = Release|x64
		{CA1B949D-BAE6-46F0-8C6B-E364D2D6A85C}.Release|x86.ActiveCfg = Release|x86
		{CA1B949D-BAE6-46F0-8C6B-E364D2D6A85C}.Release|x86.Build.0 = Release|x86
		{005CCE29-6582-442D-BF9A-5A0A2913BF8B}.Debug|Any CPU.ActiveCfg = Debug|Any CPU
		{005CCE29-6582-442D-BF9A-5A0A2913BF8B}.Debug|Any CPU.Build.0 = Debug|Any CPU
		{005CCE29-6582-442D-BF9A-5A0A2913BF8B}.Debug|x64.ActiveCfg = Debug|x64
		{005CCE29-6582-442D-BF9A-5A0A2913BF8B}.Debug|x64.Build.0 = Debug|x64
		{005CCE29-6582-442D-BF9A-5A0A2913BF8B}.Debug|x86.ActiveCfg = Debug|x86
		{005CCE29-6582-442D-BF9A-5A0A2913BF8B}.Debug|x86.Build.0 = Debug|x86
		{005CCE29-6582-442D-BF9A-5A0A2913BF8B}.Release|Any CPU.ActiveCfg = Release|Any CPU
		{005CCE29-6582-442D-BF9A-5A0A2913BF8B}.Release|Any CPU.Build.0 = Release|Any CPU
		{005CCE29-6582-442D-BF9A-5A0A2913BF8B}.Release|x64.ActiveCfg = Release|x64
		{005CCE29-6582-442D-BF9A-5A0A2913BF8B}.Release|x64.Build.0 = Release|x64
		{005CCE29-6582-442D-BF9A-5A0A2913BF8B}.Release|x86.ActiveCfg = Release|x86
		{005CCE29-6582-442D-BF9A-5A0A2913BF8B}.Release|x86.Build.0 = Release|x86
		{FA1251C9-0387-4496-B20D-C403796E9239}.Debug|Any CPU.ActiveCfg = Debug|Any CPU
		{FA1251C9-0387-4496-B20D-C403796E9239}.Debug|Any CPU.Build.0 = Debug|Any CPU
		{FA1251C9-0387-4496-B20D-C403796E9239}.Debug|x64.ActiveCfg = Debug|x64
		{FA1251C9-0387-4496-B20D-C403796E9239}.Debug|x64.Build.0 = Debug|x64
		{FA1251C9-0387-4496-B20D-C403796E9239}.Debug|x86.ActiveCfg = Debug|x86
		{FA1251C9-0387-4496-B20D-C403796E9239}.Debug|x86.Build.0 = Debug|x86
		{FA1251C9-0387-4496-B20D-C403796E9239}.Release|Any CPU.ActiveCfg = Release|Any CPU
		{FA1251C9-0387-4496-B20D-C403796E9239}.Release|Any CPU.Build.0 = Release|Any CPU
		{FA1251C9-0387-4496-B20D-C403796E9239}.Release|x64.ActiveCfg = Release|x64
		{FA1251C9-0387-4496-B20D-C403796E9239}.Release|x64.Build.0 = Release|x64
		{FA1251C9-0387-4496-B20D-C403796E9239}.Release|x86.ActiveCfg = Release|x86
		{FA1251C9-0387-4496-B20D-C403796E9239}.Release|x86.Build.0 = Release|x86
		{90E6B6EA-5C42-4DB3-8A86-3E1C52F4EFC5}.Debug|Any CPU.ActiveCfg = Debug|Any CPU
		{90E6B6EA-5C42-4DB3-8A86-3E1C52F4EFC5}.Debug|Any CPU.Build.0 = Debug|Any CPU
		{90E6B6EA-5C42-4DB3-8A86-3E1C52F4EFC5}.Debug|x64.ActiveCfg = Debug|x64
		{90E6B6EA-5C42-4DB3-8A86-3E1C52F4EFC5}.Debug|x64.Build.0 = Debug|x64
		{90E6B6EA-5C42-4DB3-8A86-3E1C52F4EFC5}.Debug|x86.ActiveCfg = Debug|x86
		{90E6B6EA-5C42-4DB3-8A86-3E1C52F4EFC5}.Debug|x86.Build.0 = Debug|x86
		{90E6B6EA-5C42-4DB3-8A86-3E1C52F4EFC5}.Release|Any CPU.ActiveCfg = Release|Any CPU
		{90E6B6EA-5C42-4DB3-8A86-3E1C52F4EFC5}.Release|Any CPU.Build.0 = Release|Any CPU
		{90E6B6EA-5C42-4DB3-8A86-3E1C52F4EFC5}.Release|x64.ActiveCfg = Release|x64
		{90E6B6EA-5C42-4DB3-8A86-3E1C52F4EFC5}.Release|x64.Build.0 = Release|x64
		{90E6B6EA-5C42-4DB3-8A86-3E1C52F4EFC5}.Release|x86.ActiveCfg = Release|x86
		{90E6B6EA-5C42-4DB3-8A86-3E1C52F4EFC5}.Release|x86.Build.0 = Release|x86
		{C7F18A40-9B77-4133-B5D2-3E9CE9D392A0}.Debug|Any CPU.ActiveCfg = Debug|Any CPU
		{C7F18A40-9B77-4133-B5D2-3E9CE9D392A0}.Debug|Any CPU.Build.0 = Debug|Any CPU
		{C7F18A40-9B77-4133-B5D2-3E9CE9D392A0}.Debug|x64.ActiveCfg = Debug|x64
		{C7F18A40-9B77-4133-B5D2-3E9CE9D392A0}.Debug|x64.Build.0 = Debug|x64
		{C7F18A40-9B77-4133-B5D2-3E9CE9D392A0}.Debug|x86.ActiveCfg = Debug|x86
		{C7F18A40-9B77-4133-B5D2-3E9CE9D392A0}.Debug|x86.Build.0 = Debug|x86
		{C7F18A40-9B77-4133-B5D2-3E9CE9D392A0}.Release|Any CPU.ActiveCfg = Release|Any CPU
		{C7F18A40-9B77-4133-B5D2-3E9CE9D392A0}.Release|Any CPU.Build.0 = Release|Any CPU
		{C7F18A40-9B77-4133-B5D2-3E9CE9D392A0}.Release|x64.ActiveCfg = Release|x64
		{C7F18A40-9B77-4133-B5D2-3E9CE9D392A0}.Release|x64.Build.0 = Release|x64
		{C7F18A40-9B77-4133-B5D2-3E9CE9D392A0}.Release|x86.ActiveCfg = Release|x86
		{C7F18A40-9B77-4133-B5D2-3E9CE9D392A0}.Release|x86.Build.0 = Release|x86
		{11BF7F2D-17E1-4627-B825-BEC9A6C07231}.Debug|Any CPU.ActiveCfg = Debug|Any CPU
		{11BF7F2D-17E1-4627-B825-BEC9A6C07231}.Debug|Any CPU.Build.0 = Debug|Any CPU
		{11BF7F2D-17E1-4627-B825-BEC9A6C07231}.Debug|x64.ActiveCfg = Debug|x64
		{11BF7F2D-17E1-4627-B825-BEC9A6C07231}.Debug|x64.Build.0 = Debug|x64
		{11BF7F2D-17E1-4627-B825-BEC9A6C07231}.Debug|x86.ActiveCfg = Debug|x86
		{11BF7F2D-17E1-4627-B825-BEC9A6C07231}.Debug|x86.Build.0 = Debug|x86
		{11BF7F2D-17E1-4627-B825-BEC9A6C07231}.Release|Any CPU.ActiveCfg = Release|Any CPU
		{11BF7F2D-17E1-4627-B825-BEC9A6C07231}.Release|Any CPU.Build.0 = Release|Any CPU
		{11BF7F2D-17E1-4627-B825-BEC9A6C07231}.Release|x64.ActiveCfg = Release|x64
		{11BF7F2D-17E1-4627-B825-BEC9A6C07231}.Release|x64.Build.0 = Release|x64
		{11BF7F2D-17E1-4627-B825-BEC9A6C07231}.Release|x86.ActiveCfg = Release|x86
		{11BF7F2D-17E1-4627-B825-BEC9A6C07231}.Release|x86.Build.0 = Release|x86
		{76DE1EB1-63C7-4C9C-B010-5E098AB8F45B}.Debug|Any CPU.ActiveCfg = Debug|Any CPU
		{76DE1EB1-63C7-4C9C-B010-5E098AB8F45B}.Debug|Any CPU.Build.0 = Debug|Any CPU
		{76DE1EB1-63C7-4C9C-B010-5E098AB8F45B}.Debug|x64.ActiveCfg = Debug|x64
		{76DE1EB1-63C7-4C9C-B010-5E098AB8F45B}.Debug|x64.Build.0 = Debug|x64
		{76DE1EB1-63C7-4C9C-B010-5E098AB8F45B}.Debug|x86.ActiveCfg = Debug|x86
		{76DE1EB1-63C7-4C9C-B010-5E098AB8F45B}.Debug|x86.Build.0 = Debug|x86
		{76DE1EB1-63C7-4C9C-B010-5E098AB8F45B}.Release|Any CPU.ActiveCfg = Release|Any CPU
		{76DE1EB1-63C7-4C9C-B010-5E098AB8F45B}.Release|Any CPU.Build.0 = Release|Any CPU
		{76DE1EB1-63C7-4C9C-B010-5E098AB8F45B}.Release|x64.ActiveCfg = Release|x64
		{76DE1EB1-63C7-4C9C-B010-5E098AB8F45B}.Release|x64.Build.0 = Release|x64
		{76DE1EB1-63C7-4C9C-B010-5E098AB8F45B}.Release|x86.ActiveCfg = Release|x86
		{76DE1EB1-63C7-4C9C-B010-5E098AB8F45B}.Release|x86.Build.0 = Release|x86
		{4A500D12-52FF-485E-A692-117E7A6D90CA}.Debug|Any CPU.ActiveCfg = Debug|Any CPU
		{4A500D12-52FF-485E-A692-117E7A6D90CA}.Debug|Any CPU.Build.0 = Debug|Any CPU
		{4A500D12-52FF-485E-A692-117E7A6D90CA}.Debug|x64.ActiveCfg = Debug|x64
		{4A500D12-52FF-485E-A692-117E7A6D90CA}.Debug|x64.Build.0 = Debug|x64
		{4A500D12-52FF-485E-A692-117E7A6D90CA}.Debug|x86.ActiveCfg = Debug|x86
		{4A500D12-52FF-485E-A692-117E7A6D90CA}.Debug|x86.Build.0 = Debug|x86
		{4A500D12-52FF-485E-A692-117E7A6D90CA}.Release|Any CPU.ActiveCfg = Release|Any CPU
		{4A500D12-52FF-485E-A692-117E7A6D90CA}.Release|Any CPU.Build.0 = Release|Any CPU
		{4A500D12-52FF-485E-A692-117E7A6D90CA}.Release|x64.ActiveCfg = Release|x64
		{4A500D12-52FF-485E-A692-117E7A6D90CA}.Release|x64.Build.0 = Release|x64
		{4A500D12-52FF-485E-A692-117E7A6D90CA}.Release|x86.ActiveCfg = Release|x86
		{4A500D12-52FF-485E-A692-117E7A6D90CA}.Release|x86.Build.0 = Release|x86
		{9D77411E-B6A6-4896-886C-0CB1BC5FD5BC}.Debug|Any CPU.ActiveCfg = Debug|Any CPU
		{9D77411E-B6A6-4896-886C-0CB1BC5FD5BC}.Debug|Any CPU.Build.0 = Debug|Any CPU
		{9D77411E-B6A6-4896-886C-0CB1BC5FD5BC}.Debug|x64.ActiveCfg = Debug|x64
		{9D77411E-B6A6-4896-886C-0CB1BC5FD5BC}.Debug|x64.Build.0 = Debug|x64
		{9D77411E-B6A6-4896-886C-0CB1BC5FD5BC}.Debug|x86.ActiveCfg = Debug|x86
		{9D77411E-B6A6-4896-886C-0CB1BC5FD5BC}.Debug|x86.Build.0 = Debug|x86
		{9D77411E-B6A6-4896-886C-0CB1BC5FD5BC}.Release|Any CPU.ActiveCfg = Release|Any CPU
		{9D77411E-B6A6-4896-886C-0CB1BC5FD5BC}.Release|Any CPU.Build.0 = Release|Any CPU
		{9D77411E-B6A6-4896-886C-0CB1BC5FD5BC}.Release|x64.ActiveCfg = Release|x64
		{9D77411E-B6A6-4896-886C-0CB1BC5FD5BC}.Release|x64.Build.0 = Release|x64
		{9D77411E-B6A6-4896-886C-0CB1BC5FD5BC}.Release|x86.ActiveCfg = Release|x86
		{9D77411E-B6A6-4896-886C-0CB1BC5FD5BC}.Release|x86.Build.0 = Release|x86
		{99222218-AA53-4250-BFA9-96FEE133B11D}.Debug|Any CPU.ActiveCfg = Debug|Any CPU
		{99222218-AA53-4250-BFA9-96FEE133B11D}.Debug|Any CPU.Build.0 = Debug|Any CPU
		{99222218-AA53-4250-BFA9-96FEE133B11D}.Debug|x64.ActiveCfg = Debug|x64
		{99222218-AA53-4250-BFA9-96FEE133B11D}.Debug|x64.Build.0 = Debug|x64
		{99222218-AA53-4250-BFA9-96FEE133B11D}.Debug|x86.ActiveCfg = Debug|x86
		{99222218-AA53-4250-BFA9-96FEE133B11D}.Debug|x86.Build.0 = Debug|x86
		{99222218-AA53-4250-BFA9-96FEE133B11D}.Release|Any CPU.ActiveCfg = Release|Any CPU
		{99222218-AA53-4250-BFA9-96FEE133B11D}.Release|Any CPU.Build.0 = Release|Any CPU
		{99222218-AA53-4250-BFA9-96FEE133B11D}.Release|x64.ActiveCfg = Release|x64
		{99222218-AA53-4250-BFA9-96FEE133B11D}.Release|x64.Build.0 = Release|x64
		{99222218-AA53-4250-BFA9-96FEE133B11D}.Release|x86.ActiveCfg = Release|x86
		{99222218-AA53-4250-BFA9-96FEE133B11D}.Release|x86.Build.0 = Release|x86
		{D2A11CFE-561C-4B36-90EE-F50A7758D17B}.Debug|Any CPU.ActiveCfg = Debug|Any CPU
		{D2A11CFE-561C-4B36-90EE-F50A7758D17B}.Debug|Any CPU.Build.0 = Debug|Any CPU
		{D2A11CFE-561C-4B36-90EE-F50A7758D17B}.Debug|x64.ActiveCfg = Debug|x64
		{D2A11CFE-561C-4B36-90EE-F50A7758D17B}.Debug|x64.Build.0 = Debug|x64
		{D2A11CFE-561C-4B36-90EE-F50A7758D17B}.Debug|x86.ActiveCfg = Debug|x86
		{D2A11CFE-561C-4B36-90EE-F50A7758D17B}.Debug|x86.Build.0 = Debug|x86
		{D2A11CFE-561C-4B36-90EE-F50A7758D17B}.Release|Any CPU.ActiveCfg = Release|Any CPU
		{D2A11CFE-561C-4B36-90EE-F50A7758D17B}.Release|Any CPU.Build.0 = Release|Any CPU
		{D2A11CFE-561C-4B36-90EE-F50A7758D17B}.Release|x64.ActiveCfg = Release|x64
		{D2A11CFE-561C-4B36-90EE-F50A7758D17B}.Release|x64.Build.0 = Release|x64
		{D2A11CFE-561C-4B36-90EE-F50A7758D17B}.Release|x86.ActiveCfg = Release|x86
		{D2A11CFE-561C-4B36-90EE-F50A7758D17B}.Release|x86.Build.0 = Release|x86
	EndGlobalSection
	GlobalSection(SolutionProperties) = preSolution
		HideSolutionNode = FALSE
	EndGlobalSection
	GlobalSection(NestedProjects) = preSolution
		{FF29F042-EE6F-4A5F-9ABE-19A47A89CB81} = {43F33890-C9A0-4C32-B0E6-E236C6A104B7}
		{97A870FE-A821-4897-9B47-510E419A4478} = {43F33890-C9A0-4C32-B0E6-E236C6A104B7}
		{1269D120-6C7A-4F94-827A-023DBAD584DF} = {43F33890-C9A0-4C32-B0E6-E236C6A104B7}
		{7C3BBC13-E0D8-4582-8E90-FA5D3222B231} = {43F33890-C9A0-4C32-B0E6-E236C6A104B7}
		{E1FF3FD7-9E7B-46E3-B322-47ED78D01670} = {43F33890-C9A0-4C32-B0E6-E236C6A104B7}
		{7DD88CD0-AFE4-43F8-8293-FCBCC0D68E24} = {41740841-F7AE-4AA7-8689-A79B199BAD5D}
		{C9FC0E9A-EF6C-468D-81D7-5B52D5062622} = {41740841-F7AE-4AA7-8689-A79B199BAD5D}
		{46967301-3A17-418C-8FD4-7AFAD4EFF972} = {58F1419D-C0EE-4C87-A1E2-4A030835EE8A}
		{17CCEB98-52D0-4373-AC5B-77A8AFA4438C} = {58F1419D-C0EE-4C87-A1E2-4A030835EE8A}
		{5B222C2D-3D88-4709-BFA8-EEEC1F909CCD} = {58F1419D-C0EE-4C87-A1E2-4A030835EE8A}
		{42CBEA5C-64FC-4DC8-9D85-9AB5F7339515} = {58F1419D-C0EE-4C87-A1E2-4A030835EE8A}
		{BCF6F526-9A0C-419F-AECE-375F8F62DFFB} = {B9127A54-7273-482B-A84C-6145A161273E}
		{CA1B949D-BAE6-46F0-8C6B-E364D2D6A85C} = {B9127A54-7273-482B-A84C-6145A161273E}
		{005CCE29-6582-442D-BF9A-5A0A2913BF8B} = {D7415A78-2B14-4B25-B247-204A90905EE8}
		{FA1251C9-0387-4496-B20D-C403796E9239} = {D7415A78-2B14-4B25-B247-204A90905EE8}
		{895F8A1D-146F-482E-BDAC-870C8458F0CC} = {5B222C2D-3D88-4709-BFA8-EEEC1F909CCD}
		{C4E0ABC3-D666-471E-B0C2-F63F8184E336} = {5B222C2D-3D88-4709-BFA8-EEEC1F909CCD}
		{C7F18A40-9B77-4133-B5D2-3E9CE9D392A0} = {1269D120-6C7A-4F94-827A-023DBAD584DF}
		{90E6B6EA-5C42-4DB3-8A86-3E1C52F4EFC5} = {1269D120-6C7A-4F94-827A-023DBAD584DF}
		{11BF7F2D-17E1-4627-B825-BEC9A6C07231} = {7C3BBC13-E0D8-4582-8E90-FA5D3222B231}
		{76DE1EB1-63C7-4C9C-B010-5E098AB8F45B} = {7C3BBC13-E0D8-4582-8E90-FA5D3222B231}
		{4A500D12-52FF-485E-A692-117E7A6D90CA} = {42CBEA5C-64FC-4DC8-9D85-9AB5F7339515}
		{9D77411E-B6A6-4896-886C-0CB1BC5FD5BC} = {42CBEA5C-64FC-4DC8-9D85-9AB5F7339515}
		{99222218-AA53-4250-BFA9-96FEE133B11D} = {E1FF3FD7-9E7B-46E3-B322-47ED78D01670}
		{D2A11CFE-561C-4B36-90EE-F50A7758D17B} = {E1FF3FD7-9E7B-46E3-B322-47ED78D01670}
	EndGlobalSection
EndGlobal
